PODS:
  - Alamofire (4.7.2)
  - iOSTest1509 (0.1.0):
    - Alamofire (~> 4.7)

DEPENDENCIES:
  - iOSTest1509 (from `../`)

EXTERNAL SOURCES:
  iOSTest1509:
    :path: ../

SPEC CHECKSUMS:
  Alamofire: e4fa87002c137ba2d8d634d2c51fabcda0d5c223
  iOSTest1509: f9e724188613a2e88a93882053ba0eaff56ae4fd

PODFILE CHECKSUM: ca76b034dcc3a33f852d067101aa83f6edf2a581

COCOAPODS: 1.3.1
